
Microsoft Visual Studio Solution File, Format Version 12.00
# Visual Studio Version 16
VisualStudioVersion = 16.0.31321.278
MinimumVisualStudioVersion = 10.0.40219.1
Project("{FAE04EC0-301F-11D3-BF4B-00C04F79EFBC}") = "CoreTest", "CoreTest.csproj", "{90FD3FEC-6E86-4954-901C-14F48A187280}"
EndProject
Global
	GlobalSection(SolutionConfigurationPlatforms) = preSolution
		Debug|Any CPU = Debug|Any CPU
		Release|Any CPU = Release|Any CPU
	EndGlobalSection
	GlobalSection(ProjectConfigurationPlatforms) = postSolution
		{90FD3FEC-6E86-4954-901C-14F48A187280}.Debug|Any CPU.ActiveCfg = Debug|Any CPU
		{90FD3FEC-6E86-4954-901C-14F48A187280}.Debug|Any CPU.Build.0 = Debug|Any CPU
		{90FD3FEC-6E86-4954-901C-14F48A187280}.Release|Any CPU.ActiveCfg = Release|Any CPU
		{90FD3FEC-6E86-4954-901C-14F48A187280}.Release|Any CPU.Build.0 = Release|Any CPU
	EndGlobalSection
	GlobalSection(SolutionProperties) = preSolution
		HideSolutionNode = FALSE
	EndGlobalSection
	GlobalSection(ExtensibilityGlobals) = postSolution
		SolutionGuid = {0C96F037-8777-42DA-8DFE-AB8624ED8E2D}
	EndGlobalSection
EndGlobal
